
Microsoft Visual Studio Solution File, Format Version 12.00
# Visual Studio Version 17
VisualStudioVersion = 17.3.32804.467
MinimumVisualStudioVersion = 10.0.40219.1
Project("{FAE04EC0-301F-11D3-BF4B-00C04F79EFBC}") = "uyen", "uyen\uyen.csproj", "{A4E33F7F-8D14-4946-A502-81EB561255CF}"
EndProject
Global
	GlobalSection(SolutionConfigurationPlatforms) = preSolution
		Debug|Any CPU = Debug|Any CPU
		Release|Any CPU = Release|Any CPU
	EndGlobalSection
	GlobalSection(ProjectConfigurationPlatforms) = postSolution
		{A4E33F7F-8D14-4946-A502-81EB561255CF}.Debug|Any CPU.ActiveCfg = Debug|Any CPU
		{A4E33F7F-8D14-4946-A502-81EB561255CF}.Debug|Any CPU.Build.0 = Debug|Any CPU
		{A4E33F7F-8D14-4946-A502-81EB561255CF}.Release|Any CPU.ActiveCfg = Release|Any CPU
		{A4E33F7F-8D14-4946-A502-81EB561255CF}.Release|Any CPU.Build.0 = Release|Any CPU
	EndGlobalSection
	GlobalSection(SolutionProperties) = preSolution
		HideSolutionNode = FALSE
	EndGlobalSection
	GlobalSection(ExtensibilityGlobals) = postSolution
		SolutionGuid = {112CE8B5-6BDC-4CDA-BC14-17EEA20FF4EE}
	EndGlobalSection
EndGlobal
